
Microsoft Visual Studio Solution File, Format Version 12.00
# Visual Studio Version 16
VisualStudioVersion = 16.0.32630.194
MinimumVisualStudioVersion = 10.0.40219.1
Project("{C9674DCB-5085-4A16-B785-4C70DD1589BD}") = "Base Integration Services Project1", "Base Integration Services Project1\Base Integration Services Project1.dtproj", "{6118CE08-8E41-4D52-8753-8D2BB17239FF}"
EndProject
Global
	GlobalSection(SolutionConfigurationPlatforms) = preSolution
		Development|Default = Development|Default
	EndGlobalSection
	GlobalSection(ProjectConfigurationPlatforms) = postSolution
		{6118CE08-8E41-4D52-8753-8D2BB17239FF}.Development|Default.ActiveCfg = Development
		{6118CE08-8E41-4D52-8753-8D2BB17239FF}.Development|Default.Build.0 = Development
	EndGlobalSection
	GlobalSection(SolutionProperties) = preSolution
		HideSolutionNode = FALSE
	EndGlobalSection
	GlobalSection(ExtensibilityGlobals) = postSolution
		SolutionGuid = {A9C44BE8-F5D8-4083-A00A-052306463D90}
	EndGlobalSection
EndGlobal
